
Microsoft Visual Studio Solution File, Format Version 12.00
# Visual Studio Version 16
VisualStudioVersion = 16.0.30128.74
MinimumVisualStudioVersion = 10.0.40219.1
Project("{FAE04EC0-301F-11D3-BF4B-00C04F79EFBC}") = "WebTest", "WebTest.csproj", "{15ED9345-E43D-424A-91B1-8E1C9C18FA46}"
EndProject
Global
	GlobalSection(SolutionConfigurationPlatforms) = preSolution
		Debug|Any CPU = Debug|Any CPU
		Release|Any CPU = Release|Any CPU
	EndGlobalSection
	GlobalSection(ProjectConfigurationPlatforms) = postSolution
		{15ED9345-E43D-424A-91B1-8E1C9C18FA46}.Debug|Any CPU.ActiveCfg = Debug|Any CPU
		{15ED9345-E43D-424A-91B1-8E1C9C18FA46}.Debug|Any CPU.Build.0 = Debug|Any CPU
		{15ED9345-E43D-424A-91B1-8E1C9C18FA46}.Release|Any CPU.ActiveCfg = Release|Any CPU
		{15ED9345-E43D-424A-91B1-8E1C9C18FA46}.Release|Any CPU.Build.0 = Release|Any CPU
	EndGlobalSection
	GlobalSection(SolutionProperties) = preSolution
		HideSolutionNode = FALSE
	EndGlobalSection
	GlobalSection(ExtensibilityGlobals) = postSolution
		SolutionGuid = {090574DC-AF6B-4DCD-B00E-B394B6C9CF96}
	EndGlobalSection
EndGlobal
